
Microsoft Visual Studio Solution File, Format Version 12.00
# Visual Studio 15
VisualStudioVersion = 15.0.26124.0
MinimumVisualStudioVersion = 15.0.26124.0
Project("{2150E333-8FDC-42A3-9474-1A3956D46DE8}") = "src", "src", "{3F5F7A7B-486D-4E44-9A01-0C13176F1D38}"
EndProject
Project("{FAE04EC0-301F-11D3-BF4B-00C04F79EFBC}") = "SimpleAPI", "src\SimpleAPI\SimpleAPI.csproj", "{3EE1A1EE-0C63-460A-9173-117444249992}"
EndProject
Project("{2150E333-8FDC-42A3-9474-1A3956D46DE8}") = "test", "test", "{05EB1366-5525-439A-8863-1E2322C8FDE6}"
EndProject
Project("{FAE04EC0-301F-11D3-BF4B-00C04F79EFBC}") = "SimpleAPI.Test", "test\SimpleAPI.Test\SimpleAPI.Test.csproj", "{B4A27254-B339-4702-9F8F-57E3DCE1FD74}"
EndProject
Global
	GlobalSection(SolutionConfigurationPlatforms) = preSolution
		Debug|Any CPU = Debug|Any CPU
		Debug|x64 = Debug|x64
		Debug|x86 = Debug|x86
		Release|Any CPU = Release|Any CPU
		Release|x64 = Release|x64
		Release|x86 = Release|x86
	EndGlobalSection
	GlobalSection(SolutionProperties) = preSolution
		HideSolutionNode = FALSE
	EndGlobalSection
	GlobalSection(ProjectConfigurationPlatforms) = postSolution
		{3EE1A1EE-0C63-460A-9173-117444249992}.Debug|Any CPU.ActiveCfg = Debug|Any CPU
		{3EE1A1EE-0C63-460A-9173-117444249992}.Debug|Any CPU.Build.0 = Debug|Any CPU
		{3EE1A1EE-0C63-460A-9173-117444249992}.Debug|x64.ActiveCfg = Debug|Any CPU
		{3EE1A1EE-0C63-460A-9173-117444249992}.Debug|x64.Build.0 = Debug|Any CPU
		{3EE1A1EE-0C63-460A-9173-117444249992}.Debug|x86.ActiveCfg = Debug|Any CPU
		{3EE1A1EE-0C63-460A-9173-117444249992}.Debug|x86.Build.0 = Debug|Any CPU
		{3EE1A1EE-0C63-460A-9173-117444249992}.Release|Any CPU.ActiveCfg = Release|Any CPU
		{3EE1A1EE-0C63-460A-9173-117444249992}.Release|Any CPU.Build.0 = Release|Any CPU
		{3EE1A1EE-0C63-460A-9173-117444249992}.Release|x64.ActiveCfg = Release|Any CPU
		{3EE1A1EE-0C63-460A-9173-117444249992}.Release|x64.Build.0 = Release|Any CPU
		{3EE1A1EE-0C63-460A-9173-117444249992}.Release|x86.ActiveCfg = Release|Any CPU
		{3EE1A1EE-0C63-460A-9173-117444249992}.Release|x86.Build.0 = Release|Any CPU
		{B4A27254-B339-4702-9F8F-57E3DCE1FD74}.Debug|Any CPU.ActiveCfg = Debug|Any CPU
		{B4A27254-B339-4702-9F8F-57E3DCE1FD74}.Debug|Any CPU.Build.0 = Debug|Any CPU
		{B4A27254-B339-4702-9F8F-57E3DCE1FD74}.Debug|x64.ActiveCfg = Debug|Any CPU
		{B4A27254-B339-4702-9F8F-57E3DCE1FD74}.Debug|x64.Build.0 = Debug|Any CPU
		{B4A27254-B339-4702-9F8F-57E3DCE1FD74}.Debug|x86.ActiveCfg = Debug|Any CPU
		{B4A27254-B339-4702-9F8F-57E3DCE1FD74}.Debug|x86.Build.0 = Debug|Any CPU
		{B4A27254-B339-4702-9F8F-57E3DCE1FD74}.Release|Any CPU.ActiveCfg = Release|Any CPU
		{B4A27254-B339-4702-9F8F-57E3DCE1FD74}.Release|Any CPU.Build.0 = Release|Any CPU
		{B4A27254-B339-4702-9F8F-57E3DCE1FD74}.Release|x64.ActiveCfg = Release|Any CPU
		{B4A27254-B339-4702-9F8F-57E3DCE1FD74}.Release|x64.Build.0 = Release|Any CPU
		{B4A27254-B339-4702-9F8F-57E3DCE1FD74}.Release|x86.ActiveCfg = Release|Any CPU
		{B4A27254-B339-4702-9F8F-57E3DCE1FD74}.Release|x86.Build.0 = Release|Any CPU
	EndGlobalSection
	GlobalSection(NestedProjects) = preSolution
		{3EE1A1EE-0C63-460A-9173-117444249992} = {3F5F7A7B-486D-4E44-9A01-0C13176F1D38}
		{B4A27254-B339-4702-9F8F-57E3DCE1FD74} = {05EB1366-5525-439A-8863-1E2322C8FDE6}
	EndGlobalSection
EndGlobal
